// !$*UTF8*$!
{
	archiveVersion = 1;
	classes = {
	};
	objectVersion = 56;
	objects = {

/* Begin PBXBuildFile section */
		FD86372E2B8CDA6F00D1C651 /* Chair.usdz in Resources */ = {isa = PBXBuildFile; fileRef = FD86372D2B8CDA6F00D1C651 /* Chair.usdz */; };
		FD8637302B8CE27000D1C651 /* Circle.usdz in Resources */ = {isa = PBXBuildFile; fileRef = FD86372F2B8CE27000D1C651 /* Circle.usdz */; };
		FD8637322B8CE5FB00D1C651 /* ARSessionWrapper.swift in Sources */ = {isa = PBXBuildFile; fileRef = FD8637312B8CE5FB00D1C651 /* ARSessionWrapper.swift */; };
		FDAE09452B8CBC9600671D7B /* arkit_testsApp.swift in Sources */ = {isa = PBXBuildFile; fileRef = FDAE09442B8CBC9600671D7B /* arkit_testsApp.swift */; };
		FDAE09472B8CBC9600671D7B /* ContentView.swift in Sources */ = {isa = PBXBuildFile; fileRef = FDAE09462B8CBC9600671D7B /* ContentView.swift */; };
		FDAE09492B8CBC9700671D7B /* Assets.xcassets in Resources */ = {isa = PBXBuildFile; fileRef = FDAE09482B8CBC9700671D7B /* Assets.xcassets */; };
		FDAE094D2B8CBC9700671D7B /* Preview Assets.xcassets in Resources */ = {isa = PBXBuildFile; fileRef = FDAE094C2B8CBC9700671D7B /* Preview Assets.xcassets */; };
		FDAE09552B8CBD2F00671D7B /* ARKit.framework in Frameworks */ = {isa = PBXBuildFile; fileRef = FDAE09542B8CBD2F00671D7B /* ARKit.framework */; platformFilter = ios; };
		FDAE09572B8CBD6C00671D7B /* ARViewContainer.swift in Sources */ = {isa = PBXBuildFile; fileRef = FDAE09562B8CBD6C00671D7B /* ARViewContainer.swift */; };
		FDAE09592B8CBDA700671D7B /* ARView.swift in Sources */ = {isa = PBXBuildFile; fileRef = FDAE09582B8CBDA700671D7B /* ARView.swift */; };
		FDAE095B2B8CC02E00671D7B /* ARObjectView.swift in Sources */ = {isa = PBXBuildFile; fileRef = FDAE095A2B8CC02E00671D7B /* ARObjectView.swift */; };
/* End PBXBuildFile section */

/* Begin PBXFileReference section */
		FD86372D2B8CDA6F00D1C651 /* Chair.usdz */ = {isa = PBXFileReference; lastKnownFileType = file.usdz; path = Chair.usdz; sourceTree = "<group>"; };
		FD86372F2B8CE27000D1C651 /* Circle.usdz */ = {isa = PBXFileReference; lastKnownFileType = file.usdz; path = Circle.usdz; sourceTree = "<group>"; };
		FD8637312B8CE5FB00D1C651 /* ARSessionWrapper.swift */ = {isa = PBXFileReference; lastKnownFileType = sourcecode.swift; path = ARSessionWrapper.swift; sourceTree = "<group>"; };
		FDAE09412B8CBC9600671D7B /* arkit-tests.app */ = {isa = PBXFileReference; explicitFileType = wrapper.application; includeInIndex = 0; path = "arkit-tests.app"; sourceTree = BUILT_PRODUCTS_DIR; };
		FDAE09442B8CBC9600671D7B /* arkit_testsApp.swift */ = {isa = PBXFileReference; lastKnownFileType = sourcecode.swift; path = arkit_testsApp.swift; sourceTree = "<group>"; };
		FDAE09462B8CBC9600671D7B /* ContentView.swift */ = {isa = PBXFileReference; lastKnownFileType = sourcecode.swift; path = ContentView.swift; sourceTree = "<group>"; };
		FDAE09482B8CBC9700671D7B /* Assets.xcassets */ = {isa = PBXFileReference; lastKnownFileType = folder.assetcatalog; path = Assets.xcassets; sourceTree = "<group>"; };
		FDAE094A2B8CBC9700671D7B /* arkit_tests.entitlements */ = {isa = PBXFileReference; lastKnownFileType = text.plist.entitlements; path = arkit_tests.entitlements; sourceTree = "<group>"; };
		FDAE094C2B8CBC9700671D7B /* Preview Assets.xcassets */ = {isa = PBXFileReference; lastKnownFileType = folder.assetcatalog; path = "Preview Assets.xcassets"; sourceTree = "<group>"; };
		FDAE09542B8CBD2F00671D7B /* ARKit.framework */ = {isa = PBXFileReference; lastKnownFileType = wrapper.framework; name = ARKit.framework; path = Platforms/iPhoneOS.platform/Developer/SDKs/iPhoneOS16.4.sdk/System/Library/Frameworks/ARKit.framework; sourceTree = DEVELOPER_DIR; };
		FDAE09562B8CBD6C00671D7B /* ARViewContainer.swift */ = {isa = PBXFileReference; lastKnownFileType = sourcecode.swift; path = ARViewContainer.swift; sourceTree = "<group>"; };
		FDAE09582B8CBDA700671D7B /* ARView.swift */ = {isa = PBXFileReference; lastKnownFileType = sourcecode.swift; path = ARView.swift; sourceTree = "<group>"; };
		FDAE095A2B8CC02E00671D7B /* ARObjectView.swift */ = {isa = PBXFileReference; lastKnownFileType = sourcecode.swift; path = ARObjectView.swift; sourceTree = "<group>"; };
/* End PBXFileReference section */

/* Begin PBXFrameworksBuildPhase section */
		FDAE093E2B8CBC9600671D7B /* Frameworks */ = {
			isa = PBXFrameworksBuildPhase;
			buildActionMask = 2147483647;
			files = (
				FDAE09552B8CBD2F00671D7B /* ARKit.framework in Frameworks */,
			);
			runOnlyForDeploymentPostprocessing = 0;
		};
/* End PBXFrameworksBuildPhase section */

/* Begin PBXGroup section */
		FDAE09382B8CBC9600671D7B = {
			isa = PBXGroup;
			children = (
				FDAE09432B8CBC9600671D7B /* arkit-tests */,
				FDAE09422B8CBC9600671D7B /* Products */,
				FDAE09532B8CBD2F00671D7B /* Frameworks */,
			);
			sourceTree = "<group>";
		};
		FDAE09422B8CBC9600671D7B /* Products */ = {
			isa = PBXGroup;
			children = (
				FDAE09412B8CBC9600671D7B /* arkit-tests.app */,
			);
			name = Products;
			sourceTree = "<group>";
		};
		FDAE09432B8CBC9600671D7B /* arkit-tests */ = {
			isa = PBXGroup;
			children = (
				FDAE09442B8CBC9600671D7B /* arkit_testsApp.swift */,
				FDAE09462B8CBC9600671D7B /* ContentView.swift */,
				FDAE09562B8CBD6C00671D7B /* ARViewContainer.swift */,
				FD8637312B8CE5FB00D1C651 /* ARSessionWrapper.swift */,
				FDAE095A2B8CC02E00671D7B /* ARObjectView.swift */,
				FDAE09582B8CBDA700671D7B /* ARView.swift */,
				FDAE09482B8CBC9700671D7B /* Assets.xcassets */,
				FD86372F2B8CE27000D1C651 /* Circle.usdz */,
				FD86372D2B8CDA6F00D1C651 /* Chair.usdz */,
				FDAE094A2B8CBC9700671D7B /* arkit_tests.entitlements */,
				FDAE094B2B8CBC9700671D7B /* Preview Content */,
			);
			path = "arkit-tests";
			sourceTree = "<group>";
		};
		FDAE094B2B8CBC9700671D7B /* Preview Content */ = {
			isa = PBXGroup;
			children = (
				FDAE094C2B8CBC9700671D7B /* Preview Assets.xcassets */,
			);
			path = "Preview Content";
			sourceTree = "<group>";
		};
		FDAE09532B8CBD2F00671D7B /* Frameworks */ = {
			isa = PBXGroup;
			children = (
				FDAE09542B8CBD2F00671D7B /* ARKit.framework */,
			);
			name = Frameworks;
			sourceTree = "<group>";
		};
/* End PBXGroup section */

/* Begin PBXNativeTarget section */
		FDAE09402B8CBC9600671D7B /* arkit-tests */ = {
			isa = PBXNativeTarget;
			buildConfigurationList = FDAE09502B8CBC9700671D7B /* Build configuration list for PBXNativeTarget "arkit-tests" */;
			buildPhases = (
				FDAE093D2B8CBC9600671D7B /* Sources */,
				FDAE093E2B8CBC9600671D7B /* Frameworks */,
				FDAE093F2B8CBC9600671D7B /* Resources */,
			);
			buildRules = (
			);
			dependencies = (
			);
			name = "arkit-tests";
			productName = "arkit-tests";
			productReference = FDAE09412B8CBC9600671D7B /* arkit-tests.app */;
			productType = "com.apple.product-type.application";
		};
/* End PBXNativeTarget section */

/* Begin PBXProject section */
		FDAE09392B8CBC9600671D7B /* Project object */ = {
			isa = PBXProject;
			attributes = {
				BuildIndependentTargetsInParallel = 1;
				LastSwiftUpdateCheck = 1430;
				LastUpgradeCheck = 1430;
				TargetAttributes = {
					FDAE09402B8CBC9600671D7B = {
						CreatedOnToolsVersion = 14.3;
					};
				};
			};
			buildConfigurationList = FDAE093C2B8CBC9600671D7B /* Build configuration list for PBXProject "arkit-tests" */;
			compatibilityVersion = "Xcode 14.0";
			developmentRegion = en;
			hasScannedForEncodings = 0;
			knownRegions = (
				en,
				Base,
			);
			mainGroup = FDAE09382B8CBC9600671D7B;
			productRefGroup = FDAE09422B8CBC9600671D7B /* Products */;
			projectDirPath = "";
			projectRoot = "";
			targets = (
				FDAE09402B8CBC9600671D7B /* arkit-tests */,
			);
		};
/* End PBXProject section */

/* Begin PBXResourcesBuildPhase section */
		FDAE093F2B8CBC9600671D7B /* Resources */ = {
			isa = PBXResourcesBuildPhase;
			buildActionMask = 2147483647;
			files = (
				FDAE094D2B8CBC9700671D7B /* Preview Assets.xcassets in Resources */,
				FD8637302B8CE27000D1C651 /* Circle.usdz in Resources */,
				FD86372E2B8CDA6F00D1C651 /* Chair.usdz in Resources */,
				FDAE09492B8CBC9700671D7B /* Assets.xcassets in Resources */,
			);
			runOnlyForDeploymentPostprocessing = 0;
		};
/* End PBXResourcesBuildPhase section */

/* Begin PBXSourcesBuildPhase section */
		FDAE093D2B8CBC9600671D7B /* Sources */ = {
			isa = PBXSourcesBuildPhase;
			buildActionMask = 2147483647;
			files = (
				FDAE09472B8CBC9600671D7B /* ContentView.swift in Sources */,
				FDAE09592B8CBDA700671D7B /* ARView.swift in Sources */,
				FDAE095B2B8CC02E00671D7B /* ARObjectView.swift in Sources */,
				FD8637322B8CE5FB00D1C651 /* ARSessionWrapper.swift in Sources */,
				FDAE09452B8CBC9600671D7B /* arkit_testsApp.swift in Sources */,
				FDAE09572B8CBD6C00671D7B /* ARViewContainer.swift in Sources */,
			);
			runOnlyForDeploymentPostprocessing = 0;
		};
/* End PBXSourcesBuildPhase section */

/* Begin XCBuildConfiguration section */
		FDAE094E2B8CBC9700671D7B /* Debug */ = {
			isa = XCBuildConfiguration;
			buildSettings = {
				ALWAYS_SEARCH_USER_PATHS = NO;
				CLANG_ANALYZER_NONNULL = YES;
				CLANG_ANALYZER_NUMBER_OBJECT_CONVERSION = YES_AGGRESSIVE;
				CLANG_CXX_LANGUAGE_STANDARD = "gnu++20";
				CLANG_ENABLE_MODULES = YES;
				CLANG_ENABLE_OBJC_ARC = YES;
				CLANG_ENABLE_OBJC_WEAK = YES;
				CLANG_WARN_BLOCK_CAPTURE_AUTORELEASING = YES;
				CLANG_WARN_BOOL_CONVERSION = YES;
				CLANG_WARN_COMMA = YES;
				CLANG_WARN_CONSTANT_CONVERSION = YES;
				CLANG_WARN_DEPRECATED_OBJC_IMPLEMENTATIONS = YES;
				CLANG_WARN_DIRECT_OBJC_ISA_USAGE = YES_ERROR;
				CLANG_WARN_DOCUMENTATION_COMMENTS = YES;
				CLANG_WARN_EMPTY_BODY = YES;
				CLANG_WARN_ENUM_CONVERSION = YES;
				CLANG_WARN_INFINITE_RECURSION = YES;
				CLANG_WARN_INT_CONVERSION = YES;
				CLANG_WARN_NON_LITERAL_NULL_CONVERSION = YES;
				CLANG_WARN_OBJC_IMPLICIT_RETAIN_SELF = YES;
				CLANG_WARN_OBJC_LITERAL_CONVERSION = YES;
				CLANG_WARN_OBJC_ROOT_CLASS = YES_ERROR;
				CLANG_WARN_QUOTED_INCLUDE_IN_FRAMEWORK_HEADER = YES;
				CLANG_WARN_RANGE_LOOP_ANALYSIS = YES;
				CLANG_WARN_STRICT_PROTOTYPES = YES;
				CLANG_WARN_SUSPICIOUS_MOVE = YES;
				CLANG_WARN_UNGUARDED_AVAILABILITY = YES_AGGRESSIVE;
				CLANG_WARN_UNREACHABLE_CODE = YES;
				CLANG_WARN__DUPLICATE_METHOD_MATCH = YES;
				COPY_PHASE_STRIP = NO;
				DEBUG_INFORMATION_FORMAT = dwarf;
				ENABLE_STRICT_OBJC_MSGSEND = YES;
				ENABLE_TESTABILITY = YES;
				GCC_C_LANGUAGE_STANDARD = gnu11;
				GCC_DYNAMIC_NO_PIC = NO;
				GCC_NO_COMMON_BLOCKS = YES;
				GCC_OPTIMIZATION_LEVEL = 0;
				GCC_PREPROCESSOR_DEFINITIONS = (
					"DEBUG=1",
					"$(inherited)",
				);
				GCC_WARN_64_TO_32_BIT_CONVERSION = YES;
				GCC_WARN_ABOUT_RETURN_TYPE = YES_ERROR;
				GCC_WARN_UNDECLARED_SELECTOR = YES;
				GCC_WARN_UNINITIALIZED_AUTOS = YES_AGGRESSIVE;
				GCC_WARN_UNUSED_FUNCTION = YES;
				GCC_WARN_UNUSED_VARIABLE = YES;
				MTL_ENABLE_DEBUG_INFO = INCLUDE_SOURCE;
				MTL_FAST_MATH = YES;
				ONLY_ACTIVE_ARCH = YES;
				SWIFT_ACTIVE_COMPILATION_CONDITIONS = DEBUG;
				SWIFT_OPTIMIZATION_LEVEL = "-Onone";
			};
			name = Debug;
		};
		FDAE094F2B8CBC9700671D7B /* Release */ = {
			isa = XCBuildConfiguration;
			buildSettings = {
				ALWAYS_SEARCH_USER_PATHS = NO;
				CLANG_ANALYZER_NONNULL = YES;
				CLANG_ANALYZER_NUMBER_OBJECT_CONVERSION = YES_AGGRESSIVE;
				CLANG_CXX_LANGUAGE_STANDARD = "gnu++20";
				CLANG_ENABLE_MODULES = YES;
				CLANG_ENABLE_OBJC_ARC = YES;
				CLANG_ENABLE_OBJC_WEAK = YES;
				CLANG_WARN_BLOCK_CAPTURE_AUTORELEASING = YES;
				CLANG_WARN_BOOL_CONVERSION = YES;
				CLANG_WARN_COMMA = YES;
				CLANG_WARN_CONSTANT_CONVERSION = YES;
				CLANG_WARN_DEPRECATED_OBJC_IMPLEMENTATIONS = YES;
				CLANG_WARN_DIRECT_OBJC_ISA_USAGE = YES_ERROR;
				CLANG_WARN_DOCUMENTATION_COMMENTS = YES;
				CLANG_WARN_EMPTY_BODY = YES;
				CLANG_WARN_ENUM_CONVERSION = YES;
				CLANG_WARN_INFINITE_RECURSION = YES;
				CLANG_WARN_INT_CONVERSION = YES;
				CLANG_WARN_NON_LITERAL_NULL_CONVERSION = YES;
				CLANG_WARN_OBJC_IMPLICIT_RETAIN_SELF = YES;
				CLANG_WARN_OBJC_LITERAL_CONVERSION = YES;
				CLANG_WARN_OBJC_ROOT_CLASS = YES_ERROR;
				CLANG_WARN_QUOTED_INCLUDE_IN_FRAMEWORK_HEADER = YES;
				CLANG_WARN_RANGE_LOOP_ANALYSIS = YES;
				CLANG_WARN_STRICT_PROTOTYPES = YES;
				CLANG_WARN_SUSPICIOUS_MOVE = YES;
				CLANG_WARN_UNGUARDED_AVAILABILITY = YES_AGGRESSIVE;
				CLANG_WARN_UNREACHABLE_CODE = YES;
				CLANG_WARN__DUPLICATE_METHOD_MATCH = YES;
				COPY_PHASE_STRIP = NO;
				DEBUG_INFORMATION_FORMAT = "dwarf-with-dsym";
				ENABLE_NS_ASSERTIONS = NO;
				ENABLE_STRICT_OBJC_MSGSEND = YES;
				GCC_C_LANGUAGE_STANDARD = gnu11;
				GCC_NO_COMMON_BLOCKS = YES;
				GCC_WARN_64_TO_32_BIT_CONVERSION = YES;
				GCC_WARN_ABOUT_RETURN_TYPE = YES_ERROR;
				GCC_WARN_UNDECLARED_SELECTOR = YES;
				GCC_WARN_UNINITIALIZED_AUTOS = YES_AGGRESSIVE;
				GCC_WARN_UNUSED_FUNCTION = YES;
				GCC_WARN_UNUSED_VARIABLE = YES;
				MTL_ENABLE_DEBUG_INFO = NO;
				MTL_FAST_MATH = YES;
				SWIFT_COMPILATION_MODE = wholemodule;
				SWIFT_OPTIMIZATION_LEVEL = "-O";
			};
			name = Release;
		};
		FDAE09512B8CBC9700671D7B /* Debug */ = {
			isa = XCBuildConfiguration;
			buildSettings = {
				ASSETCATALOG_COMPILER_APPICON_NAME = AppIcon;
				ASSETCATALOG_COMPILER_GLOBAL_ACCENT_COLOR_NAME = AccentColor;
				CODE_SIGN_ENTITLEMENTS = "arkit-tests/arkit_tests.entitlements";
				CODE_SIGN_STYLE = Automatic;
				CURRENT_PROJECT_VERSION = 1;
				DEVELOPMENT_ASSET_PATHS = "\"arkit-tests/Preview Content\"";
				DEVELOPMENT_TEAM = C2G5RSHC48;
				ENABLE_HARDENED_RUNTIME = YES;
				ENABLE_PREVIEWS = YES;
				GENERATE_INFOPLIST_FILE = YES;
				INFOPLIST_KEY_NSCameraUsageDescription = Test;
				"INFOPLIST_KEY_UIApplicationSceneManifest_Generation[sdk=iphoneos*]" = YES;
				"INFOPLIST_KEY_UIApplicationSceneManifest_Generation[sdk=iphonesimulator*]" = YES;
				"INFOPLIST_KEY_UIApplicationSupportsIndirectInputEvents[sdk=iphoneos*]" = YES;
				"INFOPLIST_KEY_UIApplicationSupportsIndirectInputEvents[sdk=iphonesimulator*]" = YES;
				"INFOPLIST_KEY_UILaunchScreen_Generation[sdk=iphoneos*]" = YES;
				"INFOPLIST_KEY_UILaunchScreen_Generation[sdk=iphonesimulator*]" = YES;
				"INFOPLIST_KEY_UIStatusBarStyle[sdk=iphoneos*]" = UIStatusBarStyleDefault;
				"INFOPLIST_KEY_UIStatusBarStyle[sdk=iphonesimulator*]" = UIStatusBarStyleDefault;
				INFOPLIST_KEY_UISupportedInterfaceOrientations_iPad = "UIInterfaceOrientationPortrait UIInterfaceOrientationPortraitUpsideDown UIInterfaceOrientationLandscapeLeft UIInterfaceOrientationLandscapeRight";
				INFOPLIST_KEY_UISupportedInterfaceOrientations_iPhone = "UIInterfaceOrientationPortrait UIInterfaceOrientationLandscapeLeft UIInterfaceOrientationLandscapeRight";
				IPHONEOS_DEPLOYMENT_TARGET = 16.4;
				LD_RUNPATH_SEARCH_PATHS = "@executable_path/Frameworks";
				"LD_RUNPATH_SEARCH_PATHS[sdk=macosx*]" = "@executable_path/../Frameworks";
				MACOSX_DEPLOYMENT_TARGET = 13.3;
				MARKETING_VERSION = 1.0;
				PRODUCT_BUNDLE_IDENTIFIER = "io.github.andriivivcharenko.arkit-tests";
				PRODUCT_NAME = "$(TARGET_NAME)";
				SDKROOT = auto;
				SUPPORTED_PLATFORMS = "iphoneos iphonesimulator macosx";
				SWIFT_EMIT_LOC_STRINGS = YES;
				SWIFT_VERSION = 5.0;
				TARGETED_DEVICE_FAMILY = "1,2";
			};
			name = Debug;
		};
		FDAE09522B8CBC9700671D7B /* Release */ = {
			isa = XCBuildConfiguration;
			buildSettings = {
				ASSETCATALOG_COMPILER_APPICON_NAME = AppIcon;
				ASSETCATALOG_COMPILER_GLOBAL_ACCENT_COLOR_NAME = AccentColor;
				CODE_SIGN_ENTITLEMENTS = "arkit-tests/arkit_tests.entitlements";
				CODE_SIGN_STYLE = Automatic;
				CURRENT_PROJECT_VERSION = 1;
				DEVELOPMENT_ASSET_PATHS = "\"arkit-tests/Preview Content\"";
				DEVELOPMENT_TEAM = C2G5RSHC48;
				ENABLE_HARDENED_RUNTIME = YES;
				ENABLE_PREVIEWS = YES;
				GENERATE_INFOPLIST_FILE = YES;
				INFOPLIST_KEY_NSCameraUsageDescription = Test;
				"INFOPLIST_KEY_UIApplicationSceneManifest_Generation[sdk=iphoneos*]" = YES;
				"INFOPLIST_KEY_UIApplicationSceneManifest_Generation[sdk=iphonesimulator*]" = YES;
				"INFOPLIST_KEY_UIApplicationSupportsIndirectInputEvents[sdk=iphoneos*]" = YES;
				"INFOPLIST_KEY_UIApplicationSupportsIndirectInputEvents[sdk=iphonesimulator*]" = YES;
				"INFOPLIST_KEY_UILaunchScreen_Generation[sdk=iphoneos*]" = YES;
				"INFOPLIST_KEY_UILaunchScreen_Generation[sdk=iphonesimulator*]" = YES;
				"INFOPLIST_KEY_UIStatusBarStyle[sdk=iphoneos*]" = UIStatusBarStyleDefault;
				"INFOPLIST_KEY_UIStatusBarStyle[sdk=iphonesimulator*]" = UIStatusBarStyleDefault;
				INFOPLIST_KEY_UISupportedInterfaceOrientations_iPad = "UIInterfaceOrientationPortrait UIInterfaceOrientationPortraitUpsideDown UIInterfaceOrientationLandscapeLeft UIInterfaceOrientationLandscapeRight";
				INFOPLIST_KEY_UISupportedInterfaceOrientations_iPhone = "UIInterfaceOrientationPortrait UIInterfaceOrientationLandscapeLeft UIInterfaceOrientationLandscapeRight";
				IPHONEOS_DEPLOYMENT_TARGET = 16.4;
				LD_RUNPATH_SEARCH_PATHS = "@executable_path/Frameworks";
				"LD_RUNPATH_SEARCH_PATHS[sdk=macosx*]" = "@executable_path/../Frameworks";
				MACOSX_DEPLOYMENT_TARGET = 13.3;
				MARKETING_VERSION = 1.0;
				PRODUCT_BUNDLE_IDENTIFIER = "io.github.andriivivcharenko.arkit-tests";
				PRODUCT_NAME = "$(TARGET_NAME)";
				SDKROOT = auto;
				SUPPORTED_PLATFORMS = "iphoneos iphonesimulator macosx";
				SWIFT_EMIT_LOC_STRINGS = YES;
				SWIFT_VERSION = 5.0;
				TARGETED_DEVICE_FAMILY = "1,2";
			};
			name = Release;
		};
/* End XCBuildConfiguration section */

/* Begin XCConfigurationList section */
		FDAE093C2B8CBC9600671D7B /* Build configuration list for PBXProject "arkit-tests" */ = {
			isa = XCConfigurationList;
			buildConfigurations = (
				FDAE094E2B8CBC9700671D7B /* Debug */,
				FDAE094F2B8CBC9700671D7B /* Release */,
			);
			defaultConfigurationIsVisible = 0;
			defaultConfigurationName = Release;
		};
		FDAE09502B8CBC9700671D7B /* Build configuration list for PBXNativeTarget "arkit-tests" */ = {
			isa = XCConfigurationList;
			buildConfigurations = (
				FDAE09512B8CBC9700671D7B /* Debug */,
				FDAE09522B8CBC9700671D7B /* Release */,
			);
			defaultConfigurationIsVisible = 0;
			defaultConfigurationName = Release;
		};
/* End XCConfigurationList section */
	};
	rootObject = FDAE09392B8CBC9600671D7B /* Project object */;
}
